
Microsoft Visual Studio Solution File, Format Version 12.00
# Visual Studio 15
VisualStudioVersion = 15.0.27428.2043
MinimumVisualStudioVersion = 10.0.40219.1
Project("{2150E333-8FDC-42A3-9474-1A3956D46DE8}") = "Repo", "Repo", "{621EEA80-655F-4E40-841D-480FB5EBEBE6}"
	ProjectSection(SolutionItems) = preProject
		.gitignore = .gitignore
		LICENSE = LICENSE
		README.md = README.md
	EndProjectSection
EndProject
Project("{FAE04EC0-301F-11D3-BF4B-00C04F79EFBC}") = "Widgets", "src\Widgets.csproj", "{292BD616-51DA-43E4-8E91-19FDD78B44CA}"
EndProject
Global
	GlobalSection(SolutionConfigurationPlatforms) = preSolution
		Debug|Any CPU = Debug|Any CPU
		Release|Any CPU = Release|Any CPU
	EndGlobalSection
	GlobalSection(ProjectConfigurationPlatforms) = postSolution
		{292BD616-51DA-43E4-8E91-19FDD78B44CA}.Debug|Any CPU.ActiveCfg = Debug|Any CPU
		{292BD616-51DA-43E4-8E91-19FDD78B44CA}.Debug|Any CPU.Build.0 = Debug|Any CPU
		{292BD616-51DA-43E4-8E91-19FDD78B44CA}.Release|Any CPU.ActiveCfg = Release|Any CPU
		{292BD616-51DA-43E4-8E91-19FDD78B44CA}.Release|Any CPU.Build.0 = Release|Any CPU
	EndGlobalSection
	GlobalSection(SolutionProperties) = preSolution
		HideSolutionNode = FALSE
	EndGlobalSection
	GlobalSection(ExtensibilityGlobals) = postSolution
		SolutionGuid = {7E13C902-08FB-428F-B731-CDB1973751DD}
	EndGlobalSection
EndGlobal
